
Microsoft Visual Studio Solution File, Format Version 12.00
# Visual Studio Version 17
VisualStudioVersion = 17.11.35327.3
MinimumVisualStudioVersion = 10.0.40219.1
Project("{9A19103F-16F7-4668-BE54-9A1E7A4F7556}") = "AutionService", "AutionService\AutionService.csproj", "{BF51FA88-F2B0-45FF-9AF9-317F5FC69FBF}"
EndProject
Project("{2150E333-8FDC-42A3-9474-1A3956D46DE8}") = "Solution Items", "Solution Items", "{D21957E4-A874-46C8-9C90-D2031378186F}"
	ProjectSection(SolutionItems) = preProject
		Solution Items\01_readme.txt = Solution Items\01_readme.txt
	EndProjectSection
EndProject
Project("{FAE04EC0-301F-11D3-BF4B-00C04F79EFBC}") = "SearchService", "SearchService\SearchService.csproj", "{2056C4A1-B635-4C64-AB99-91136C138403}"
EndProject
Global
	GlobalSection(SolutionConfigurationPlatforms) = preSolution
		Debug|Any CPU = Debug|Any CPU
		Release|Any CPU = Release|Any CPU
	EndGlobalSection
	GlobalSection(ProjectConfigurationPlatforms) = postSolution
		{BF51FA88-F2B0-45FF-9AF9-317F5FC69FBF}.Debug|Any CPU.ActiveCfg = Debug|Any CPU
		{BF51FA88-F2B0-45FF-9AF9-317F5FC69FBF}.Debug|Any CPU.Build.0 = Debug|Any CPU
		{BF51FA88-F2B0-45FF-9AF9-317F5FC69FBF}.Release|Any CPU.ActiveCfg = Release|Any CPU
		{BF51FA88-F2B0-45FF-9AF9-317F5FC69FBF}.Release|Any CPU.Build.0 = Release|Any CPU
		{2056C4A1-B635-4C64-AB99-91136C138403}.Debug|Any CPU.ActiveCfg = Debug|Any CPU
		{2056C4A1-B635-4C64-AB99-91136C138403}.Debug|Any CPU.Build.0 = Debug|Any CPU
		{2056C4A1-B635-4C64-AB99-91136C138403}.Release|Any CPU.ActiveCfg = Release|Any CPU
		{2056C4A1-B635-4C64-AB99-91136C138403}.Release|Any CPU.Build.0 = Release|Any CPU
	EndGlobalSection
	GlobalSection(SolutionProperties) = preSolution
		HideSolutionNode = FALSE
	EndGlobalSection
	GlobalSection(ExtensibilityGlobals) = postSolution
		SolutionGuid = {96AAE732-43A0-4304-8E64-0119F09B2DF3}
	EndGlobalSection
EndGlobal
